
Microsoft Visual Studio Solution File, Format Version 12.00
# Visual Studio 15
VisualStudioVersion = 15.0.26430.16
MinimumVisualStudioVersion = 10.0.40219.1
Project("{9A19103F-16F7-4668-BE54-9A1E7A4F7556}") = "RikardWeb", "RikardWeb\RikardWeb.csproj", "{58FC9899-C52A-4554-BEFB-A5D27C67488C}"
EndProject
Project("{9A19103F-16F7-4668-BE54-9A1E7A4F7556}") = "RikardLib.Log", "..\RikardLib\RikardLib.Log\RikardLib.Log.csproj", "{2D8CFE3E-8874-41B0-8EC9-425C64B832BF}"
EndProject
Project("{9A19103F-16F7-4668-BE54-9A1E7A4F7556}") = "RikardLib.AspLog", "..\RikardLib\RikardLib.AspLog\RikardLib.AspLog.csproj", "{1E2ACC12-361F-4075-BB83-F2F4D328E642}"
EndProject
Project("{9A19103F-16F7-4668-BE54-9A1E7A4F7556}") = "RikardLib.Parallel", "..\RikardLib\RikardLib.Parallel\RikardLib.Parallel.csproj", "{FC421F21-E789-480B-86D3-57FEDA65D651}"
EndProject
Project("{9A19103F-16F7-4668-BE54-9A1E7A4F7556}") = "RikardLib.AspHelpers", "..\RikardLib\RikardLib.AspHelpers\RikardLib.AspHelpers.csproj", "{82C12057-428C-42A0-919E-C756D84F8A5A}"
EndProject
Project("{9A19103F-16F7-4668-BE54-9A1E7A4F7556}") = "RikardWeb.Lib.News", "RikardWeb.Lib.News\RikardWeb.Lib.News.csproj", "{A373B717-D157-469E-88CC-8646926C0764}"
EndProject
Project("{9A19103F-16F7-4668-BE54-9A1E7A4F7556}") = "RikardLib.Web", "..\RikardLib\RikardLib.Web\RikardLib.Web.csproj", "{26A5F2DA-AC82-4687-88AE-2D36813258C0}"
EndProject
Project("{9A19103F-16F7-4668-BE54-9A1E7A4F7556}") = "RikardWeb.Lib.Db", "RikardWeb.Lib.Db\RikardWeb.Lib.Db.csproj", "{3F731043-7667-40B6-88CC-73B7F8856F2F}"
EndProject
Project("{9A19103F-16F7-4668-BE54-9A1E7A4F7556}") = "RikardComponentsTester", "RikardComponentsTester\RikardComponentsTester.csproj", "{8EFC5ECB-5141-47A5-8C3A-D503482F114E}"
EndProject
Project("{9A19103F-16F7-4668-BE54-9A1E7A4F7556}") = "StemmersNet", "..\RikardLib\StemmersNet\StemmersNet.csproj", "{061FF5EB-1ED1-404A-AF87-EA8D6D2950F8}"
EndProject
Project("{9A19103F-16F7-4668-BE54-9A1E7A4F7556}") = "RikardLib.MyStem", "..\RikardLib\RikardLib.MyStem\RikardLib.MyStem.csproj", "{56654D3B-D541-49F2-8634-079C13F81DDE}"
EndProject
Project("{9A19103F-16F7-4668-BE54-9A1E7A4F7556}") = "RikardLib.Maths", "..\RikardLib\RikardLib.Maths\RikardLib.Maths.csproj", "{CC857C40-AE9C-4998-8297-22166F6C65FA}"
EndProject
Project("{9A19103F-16F7-4668-BE54-9A1E7A4F7556}") = "RikardLib.AspCron", "..\RikardLib\RikardLib.AspCron\RikardLib.AspCron.csproj", "{B7252541-7036-460A-9891-C471D62DC4E7}"
EndProject
Project("{9A19103F-16F7-4668-BE54-9A1E7A4F7556}") = "RikardWeb.Lib.Identity", "RikardWeb.Lib.Identity\RikardWeb.Lib.Identity.csproj", "{BFD79362-ECFE-432F-ACF3-08CED5D1B9EA}"
EndProject
Project("{9A19103F-16F7-4668-BE54-9A1E7A4F7556}") = "RikardLib.AspSmsRu", "..\RikardLib\RikardLib.AspSmsRu\RikardLib.AspSmsRu.csproj", "{FB1C8EA1-8AFE-466E-9A25-C9CA43991C7C}"
EndProject
Project("{9A19103F-16F7-4668-BE54-9A1E7A4F7556}") = "RikardLib.Text", "..\RikardLib\RikardLib.Text\RikardLib.Text.csproj", "{AA91AE9C-24A4-4BC7-B51A-C3332D3E3AE9}"
EndProject
Project("{9A19103F-16F7-4668-BE54-9A1E7A4F7556}") = "RikardWeb.Lib.Adverts", "RikardWeb.Lib.Adverts\RikardWeb.Lib.Adverts.csproj", "{295EB55B-2ED9-4B2A-AB68-74A9C62E3101}"
EndProject
Project("{9A19103F-16F7-4668-BE54-9A1E7A4F7556}") = "RikardLib.Geo", "..\RikardLib\RikardLib.Geo\RikardLib.Geo.csproj", "{CE728E16-B940-44E2-9590-63474944DF62}"
EndProject
Global
	GlobalSection(SolutionConfigurationPlatforms) = preSolution
		Debug|Any CPU = Debug|Any CPU
		Debug|x64 = Debug|x64
		Debug|x86 = Debug|x86
		Release|Any CPU = Release|Any CPU
		Release|x64 = Release|x64
		Release|x86 = Release|x86
	EndGlobalSection
	GlobalSection(ProjectConfigurationPlatforms) = postSolution
		{58FC9899-C52A-4554-BEFB-A5D27C67488C}.Debug|Any CPU.ActiveCfg = Debug|Any CPU
		{58FC9899-C52A-4554-BEFB-A5D27C67488C}.Debug|Any CPU.Build.0 = Debug|Any CPU
		{58FC9899-C52A-4554-BEFB-A5D27C67488C}.Debug|x64.ActiveCfg = Debug|Any CPU
		{58FC9899-C52A-4554-BEFB-A5D27C67488C}.Debug|x64.Build.0 = Debug|Any CPU
		{58FC9899-C52A-4554-BEFB-A5D27C67488C}.Debug|x86.ActiveCfg = Debug|Any CPU
		{58FC9899-C52A-4554-BEFB-A5D27C67488C}.Debug|x86.Build.0 = Debug|Any CPU
		{58FC9899-C52A-4554-BEFB-A5D27C67488C}.Release|Any CPU.ActiveCfg = Release|Any CPU
		{58FC9899-C52A-4554-BEFB-A5D27C67488C}.Release|Any CPU.Build.0 = Release|Any CPU
		{58FC9899-C52A-4554-BEFB-A5D27C67488C}.Release|x64.ActiveCfg = Release|Any CPU
		{58FC9899-C52A-4554-BEFB-A5D27C67488C}.Release|x64.Build.0 = Release|Any CPU
		{58FC9899-C52A-4554-BEFB-A5D27C67488C}.Release|x86.ActiveCfg = Release|Any CPU
		{58FC9899-C52A-4554-BEFB-A5D27C67488C}.Release|x86.Build.0 = Release|Any CPU
		{2D8CFE3E-8874-41B0-8EC9-425C64B832BF}.Debug|Any CPU.ActiveCfg = Debug|Any CPU
		{2D8CFE3E-8874-41B0-8EC9-425C64B832BF}.Debug|Any CPU.Build.0 = Debug|Any CPU
		{2D8CFE3E-8874-41B0-8EC9-425C64B832BF}.Debug|x64.ActiveCfg = Debug|Any CPU
		{2D8CFE3E-8874-41B0-8EC9-425C64B832BF}.Debug|x64.Build.0 = Debug|Any CPU
		{2D8CFE3E-8874-41B0-8EC9-425C64B832BF}.Debug|x86.ActiveCfg = Debug|Any CPU
		{2D8CFE3E-8874-41B0-8EC9-425C64B832BF}.Debug|x86.Build.0 = Debug|Any CPU
		{2D8CFE3E-8874-41B0-8EC9-425C64B832BF}.Release|Any CPU.ActiveCfg = Release|Any CPU
		{2D8CFE3E-8874-41B0-8EC9-425C64B832BF}.Release|Any CPU.Build.0 = Release|Any CPU
		{2D8CFE3E-8874-41B0-8EC9-425C64B832BF}.Release|x64.ActiveCfg = Release|Any CPU
		{2D8CFE3E-8874-41B0-8EC9-425C64B832BF}.Release|x64.Build.0 = Release|Any CPU
		{2D8CFE3E-8874-41B0-8EC9-425C64B832BF}.Release|x86.ActiveCfg = Release|Any CPU
		{2D8CFE3E-8874-41B0-8EC9-425C64B832BF}.Release|x86.Build.0 = Release|Any CPU
		{1E2ACC12-361F-4075-BB83-F2F4D328E642}.Debug|Any CPU.ActiveCfg = Debug|Any CPU
		{1E2ACC12-361F-4075-BB83-F2F4D328E642}.Debug|Any CPU.Build.0 = Debug|Any CPU
		{1E2ACC12-361F-4075-BB83-F2F4D328E642}.Debug|x64.ActiveCfg = Debug|Any CPU
		{1E2ACC12-361F-4075-BB83-F2F4D328E642}.Debug|x64.Build.0 = Debug|Any CPU
		{1E2ACC12-361F-4075-BB83-F2F4D328E642}.Debug|x86.ActiveCfg = Debug|Any CPU
		{1E2ACC12-361F-4075-BB83-F2F4D328E642}.Debug|x86.Build.0 = Debug|Any CPU
		{1E2ACC12-361F-4075-BB83-F2F4D328E642}.Release|Any CPU.ActiveCfg = Release|Any CPU
		{1E2ACC12-361F-4075-BB83-F2F4D328E642}.Release|Any CPU.Build.0 = Release|Any CPU
		{1E2ACC12-361F-4075-BB83-F2F4D328E642}.Release|x64.ActiveCfg = Release|Any CPU
		{1E2ACC12-361F-4075-BB83-F2F4D328E642}.Release|x64.Build.0 = Release|Any CPU
		{1E2ACC12-361F-4075-BB83-F2F4D328E642}.Release|x86.ActiveCfg = Release|Any CPU
		{1E2ACC12-361F-4075-BB83-F2F4D328E642}.Release|x86.Build.0 = Release|Any CPU
		{FC421F21-E789-480B-86D3-57FEDA65D651}.Debug|Any CPU.ActiveCfg = Debug|Any CPU
		{FC421F21-E789-480B-86D3-57FEDA65D651}.Debug|Any CPU.Build.0 = Debug|Any CPU
		{FC421F21-E789-480B-86D3-57FEDA65D651}.Debug|x64.ActiveCfg = Debug|Any CPU
		{FC421F21-E789-480B-86D3-57FEDA65D651}.Debug|x64.Build.0 = Debug|Any CPU
		{FC421F21-E789-480B-86D3-57FEDA65D651}.Debug|x86.ActiveCfg = Debug|Any CPU
		{FC421F21-E789-480B-86D3-57FEDA65D651}.Debug|x86.Build.0 = Debug|Any CPU
		{FC421F21-E789-480B-86D3-57FEDA65D651}.Release|Any CPU.ActiveCfg = Release|Any CPU
		{FC421F21-E789-480B-86D3-57FEDA65D651}.Release|Any CPU.Build.0 = Release|Any CPU
		{FC421F21-E789-480B-86D3-57FEDA65D651}.Release|x64.ActiveCfg = Release|Any CPU
		{FC421F21-E789-480B-86D3-57FEDA65D651}.Release|x64.Build.0 = Release|Any CPU
		{FC421F21-E789-480B-86D3-57FEDA65D651}.Release|x86.ActiveCfg = Release|Any CPU
		{FC421F21-E789-480B-86D3-57FEDA65D651}.Release|x86.Build.0 = Release|Any CPU
		{82C12057-428C-42A0-919E-C756D84F8A5A}.Debug|Any CPU.ActiveCfg = Debug|Any CPU
		{82C12057-428C-42A0-919E-C756D84F8A5A}.Debug|Any CPU.Build.0 = Debug|Any CPU
		{82C12057-428C-42A0-919E-C756D84F8A5A}.Debug|x64.ActiveCfg = Debug|Any CPU
		{82C12057-428C-42A0-919E-C756D84F8A5A}.Debug|x64.Build.0 = Debug|Any CPU
		{82C12057-428C-42A0-919E-C756D84F8A5A}.Debug|x86.ActiveCfg = Debug|Any CPU
		{82C12057-428C-42A0-919E-C756D84F8A5A}.Debug|x86.Build.0 = Debug|Any CPU
		{82C12057-428C-42A0-919E-C756D84F8A5A}.Release|Any CPU.ActiveCfg = Release|Any CPU
		{82C12057-428C-42A0-919E-C756D84F8A5A}.Release|Any CPU.Build.0 = Release|Any CPU
		{82C12057-428C-42A0-919E-C756D84F8A5A}.Release|x64.ActiveCfg = Release|Any CPU
		{82C12057-428C-42A0-919E-C756D84F8A5A}.Release|x64.Build.0 = Release|Any CPU
		{82C12057-428C-42A0-919E-C756D84F8A5A}.Release|x86.ActiveCfg = Release|Any CPU
		{82C12057-428C-42A0-919E-C756D84F8A5A}.Release|x86.Build.0 = Release|Any CPU
		{A373B717-D157-469E-88CC-8646926C0764}.Debug|Any CPU.ActiveCfg = Debug|Any CPU
		{A373B717-D157-469E-88CC-8646926C0764}.Debug|Any CPU.Build.0 = Debug|Any CPU
		{A373B717-D157-469E-88CC-8646926C0764}.Debug|x64.ActiveCfg = Debug|Any CPU
		{A373B717-D157-469E-88CC-8646926C0764}.Debug|x64.Build.0 = Debug|Any CPU
		{A373B717-D157-469E-88CC-8646926C0764}.Debug|x86.ActiveCfg = Debug|Any CPU
		{A373B717-D157-469E-88CC-8646926C0764}.Debug|x86.Build.0 = Debug|Any CPU
		{A373B717-D157-469E-88CC-8646926C0764}.Release|Any CPU.ActiveCfg = Release|Any CPU
		{A373B717-D157-469E-88CC-8646926C0764}.Release|Any CPU.Build.0 = Release|Any CPU
		{A373B717-D157-469E-88CC-8646926C0764}.Release|x64.ActiveCfg = Release|Any CPU
		{A373B717-D157-469E-88CC-8646926C0764}.Release|x64.Build.0 = Release|Any CPU
		{A373B717-D157-469E-88CC-8646926C0764}.Release|x86.ActiveCfg = Release|Any CPU
		{A373B717-D157-469E-88CC-8646926C0764}.Release|x86.Build.0 = Release|Any CPU
		{26A5F2DA-AC82-4687-88AE-2D36813258C0}.Debug|Any CPU.ActiveCfg = Debug|Any CPU
		{26A5F2DA-AC82-4687-88AE-2D36813258C0}.Debug|Any CPU.Build.0 = Debug|Any CPU
		{26A5F2DA-AC82-4687-88AE-2D36813258C0}.Debug|x64.ActiveCfg = Debug|Any CPU
		{26A5F2DA-AC82-4687-88AE-2D36813258C0}.Debug|x64.Build.0 = Debug|Any CPU
		{26A5F2DA-AC82-4687-88AE-2D36813258C0}.Debug|x86.ActiveCfg = Debug|Any CPU
		{26A5F2DA-AC82-4687-88AE-2D36813258C0}.Debug|x86.Build.0 = Debug|Any CPU
		{26A5F2DA-AC82-4687-88AE-2D36813258C0}.Release|Any CPU.ActiveCfg = Release|Any CPU
		{26A5F2DA-AC82-4687-88AE-2D36813258C0}.Release|Any CPU.Build.0 = Release|Any CPU
		{26A5F2DA-AC82-4687-88AE-2D36813258C0}.Release|x64.ActiveCfg = Release|Any CPU
		{26A5F2DA-AC82-4687-88AE-2D36813258C0}.Release|x64.Build.0 = Release|Any CPU
		{26A5F2DA-AC82-4687-88AE-2D36813258C0}.Release|x86.ActiveCfg = Release|Any CPU
		{26A5F2DA-AC82-4687-88AE-2D36813258C0}.Release|x86.Build.0 = Release|Any CPU
		{3F731043-7667-40B6-88CC-73B7F8856F2F}.Debug|Any CPU.ActiveCfg = Debug|Any CPU
		{3F731043-7667-40B6-88CC-73B7F8856F2F}.Debug|Any CPU.Build.0 = Debug|Any CPU
		{3F731043-7667-40B6-88CC-73B7F8856F2F}.Debug|x64.ActiveCfg = Debug|Any CPU
		{3F731043-7667-40B6-88CC-73B7F8856F2F}.Debug|x64.Build.0 = Debug|Any CPU
		{3F731043-7667-40B6-88CC-73B7F8856F2F}.Debug|x86.ActiveCfg = Debug|Any CPU
		{3F731043-7667-40B6-88CC-73B7F8856F2F}.Debug|x86.Build.0 = Debug|Any CPU
		{3F731043-7667-40B6-88CC-73B7F8856F2F}.Release|Any CPU.ActiveCfg = Release|Any CPU
		{3F731043-7667-40B6-88CC-73B7F8856F2F}.Release|Any CPU.Build.0 = Release|Any CPU
		{3F731043-7667-40B6-88CC-73B7F8856F2F}.Release|x64.ActiveCfg = Release|Any CPU
		{3F731043-7667-40B6-88CC-73B7F8856F2F}.Release|x64.Build.0 = Release|Any CPU
		{3F731043-7667-40B6-88CC-73B7F8856F2F}.Release|x86.ActiveCfg = Release|Any CPU
		{3F731043-7667-40B6-88CC-73B7F8856F2F}.Release|x86.Build.0 = Release|Any CPU
		{8EFC5ECB-5141-47A5-8C3A-D503482F114E}.Debug|Any CPU.ActiveCfg = Debug|Any CPU
		{8EFC5ECB-5141-47A5-8C3A-D503482F114E}.Debug|Any CPU.Build.0 = Debug|Any CPU
		{8EFC5ECB-5141-47A5-8C3A-D503482F114E}.Debug|x64.ActiveCfg = Debug|Any CPU
		{8EFC5ECB-5141-47A5-8C3A-D503482F114E}.Debug|x64.Build.0 = Debug|Any CPU
		{8EFC5ECB-5141-47A5-8C3A-D503482F114E}.Debug|x86.ActiveCfg = Debug|Any CPU
		{8EFC5ECB-5141-47A5-8C3A-D503482F114E}.Debug|x86.Build.0 = Debug|Any CPU
		{8EFC5ECB-5141-47A5-8C3A-D503482F114E}.Release|Any CPU.ActiveCfg = Release|Any CPU
		{8EFC5ECB-5141-47A5-8C3A-D503482F114E}.Release|Any CPU.Build.0 = Release|Any CPU
		{8EFC5ECB-5141-47A5-8C3A-D503482F114E}.Release|x64.ActiveCfg = Release|Any CPU
		{8EFC5ECB-5141-47A5-8C3A-D503482F114E}.Release|x64.Build.0 = Release|Any CPU
		{8EFC5ECB-5141-47A5-8C3A-D503482F114E}.Release|x86.ActiveCfg = Release|Any CPU
		{8EFC5ECB-5141-47A5-8C3A-D503482F114E}.Release|x86.Build.0 = Release|Any CPU
		{061FF5EB-1ED1-404A-AF87-EA8D6D2950F8}.Debug|Any CPU.ActiveCfg = Debug|Any CPU
		{061FF5EB-1ED1-404A-AF87-EA8D6D2950F8}.Debug|Any CPU.Build.0 = Debug|Any CPU
		{061FF5EB-1ED1-404A-AF87-EA8D6D2950F8}.Debug|x64.ActiveCfg = Debug|Any CPU
		{061FF5EB-1ED1-404A-AF87-EA8D6D2950F8}.Debug|x64.Build.0 = Debug|Any CPU
		{061FF5EB-1ED1-404A-AF87-EA8D6D2950F8}.Debug|x86.ActiveCfg = Debug|Any CPU
		{061FF5EB-1ED1-404A-AF87-EA8D6D2950F8}.Debug|x86.Build.0 = Debug|Any CPU
		{061FF5EB-1ED1-404A-AF87-EA8D6D2950F8}.Release|Any CPU.ActiveCfg = Release|Any CPU
		{061FF5EB-1ED1-404A-AF87-EA8D6D2950F8}.Release|Any CPU.Build.0 = Release|Any CPU
		{061FF5EB-1ED1-404A-AF87-EA8D6D2950F8}.Release|x64.ActiveCfg = Release|Any CPU
		{061FF5EB-1ED1-404A-AF87-EA8D6D2950F8}.Release|x64.Build.0 = Release|Any CPU
		{061FF5EB-1ED1-404A-AF87-EA8D6D2950F8}.Release|x86.ActiveCfg = Release|Any CPU
		{061FF5EB-1ED1-404A-AF87-EA8D6D2950F8}.Release|x86.Build.0 = Release|Any CPU
		{56654D3B-D541-49F2-8634-079C13F81DDE}.Debug|Any CPU.ActiveCfg = Debug|Any CPU
		{56654D3B-D541-49F2-8634-079C13F81DDE}.Debug|Any CPU.Build.0 = Debug|Any CPU
		{56654D3B-D541-49F2-8634-079C13F81DDE}.Debug|x64.ActiveCfg = Debug|Any CPU
		{56654D3B-D541-49F2-8634-079C13F81DDE}.Debug|x64.Build.0 = Debug|Any CPU
		{56654D3B-D541-49F2-8634-079C13F81DDE}.Debug|x86.ActiveCfg = Debug|Any CPU
		{56654D3B-D541-49F2-8634-079C13F81DDE}.Debug|x86.Build.0 = Debug|Any CPU
		{56654D3B-D541-49F2-8634-079C13F81DDE}.Release|Any CPU.ActiveCfg = Release|Any CPU
		{56654D3B-D541-49F2-8634-079C13F81DDE}.Release|Any CPU.Build.0 = Release|Any CPU
		{56654D3B-D541-49F2-8634-079C13F81DDE}.Release|x64.ActiveCfg = Release|Any CPU
		{56654D3B-D541-49F2-8634-079C13F81DDE}.Release|x64.Build.0 = Release|Any CPU
		{56654D3B-D541-49F2-8634-079C13F81DDE}.Release|x86.ActiveCfg = Release|Any CPU
		{56654D3B-D541-49F2-8634-079C13F81DDE}.Release|x86.Build.0 = Release|Any CPU
		{CC857C40-AE9C-4998-8297-22166F6C65FA}.Debug|Any CPU.ActiveCfg = Debug|Any CPU
		{CC857C40-AE9C-4998-8297-22166F6C65FA}.Debug|Any CPU.Build.0 = Debug|Any CPU
		{CC857C40-AE9C-4998-8297-22166F6C65FA}.Debug|x64.ActiveCfg = Debug|Any CPU
		{CC857C40-AE9C-4998-8297-22166F6C65FA}.Debug|x64.Build.0 = Debug|Any CPU
		{CC857C40-AE9C-4998-8297-22166F6C65FA}.Debug|x86.ActiveCfg = Debug|Any CPU
		{CC857C40-AE9C-4998-8297-22166F6C65FA}.Debug|x86.Build.0 = Debug|Any CPU
		{CC857C40-AE9C-4998-8297-22166F6C65FA}.Release|Any CPU.ActiveCfg = Release|Any CPU
		{CC857C40-AE9C-4998-8297-22166F6C65FA}.Release|Any CPU.Build.0 = Release|Any CPU
		{CC857C40-AE9C-4998-8297-22166F6C65FA}.Release|x64.ActiveCfg = Release|Any CPU
		{CC857C40-AE9C-4998-8297-22166F6C65FA}.Release|x64.Build.0 = Release|Any CPU
		{CC857C40-AE9C-4998-8297-22166F6C65FA}.Release|x86.ActiveCfg = Release|Any CPU
		{CC857C40-AE9C-4998-8297-22166F6C65FA}.Release|x86.Build.0 = Release|Any CPU
		{B7252541-7036-460A-9891-C471D62DC4E7}.Debug|Any CPU.ActiveCfg = Debug|Any CPU
		{B7252541-7036-460A-9891-C471D62DC4E7}.Debug|Any CPU.Build.0 = Debug|Any CPU
		{B7252541-7036-460A-9891-C471D62DC4E7}.Debug|x64.ActiveCfg = Debug|Any CPU
		{B7252541-7036-460A-9891-C471D62DC4E7}.Debug|x64.Build.0 = Debug|Any CPU
		{B7252541-7036-460A-9891-C471D62DC4E7}.Debug|x86.ActiveCfg = Debug|Any CPU
		{B7252541-7036-460A-9891-C471D62DC4E7}.Debug|x86.Build.0 = Debug|Any CPU
		{B7252541-7036-460A-9891-C471D62DC4E7}.Release|Any CPU.ActiveCfg = Release|Any CPU
		{B7252541-7036-460A-9891-C471D62DC4E7}.Release|Any CPU.Build.0 = Release|Any CPU
		{B7252541-7036-460A-9891-C471D62DC4E7}.Release|x64.ActiveCfg = Release|Any CPU
		{B7252541-7036-460A-9891-C471D62DC4E7}.Release|x64.Build.0 = Release|Any CPU
		{B7252541-7036-460A-9891-C471D62DC4E7}.Release|x86.ActiveCfg = Release|Any CPU
		{B7252541-7036-460A-9891-C471D62DC4E7}.Release|x86.Build.0 = Release|Any CPU
		{BFD79362-ECFE-432F-ACF3-08CED5D1B9EA}.Debug|Any CPU.ActiveCfg = Debug|Any CPU
		{BFD79362-ECFE-432F-ACF3-08CED5D1B9EA}.Debug|Any CPU.Build.0 = Debug|Any CPU
		{BFD79362-ECFE-432F-ACF3-08CED5D1B9EA}.Debug|x64.ActiveCfg = Debug|Any CPU
		{BFD79362-ECFE-432F-ACF3-08CED5D1B9EA}.Debug|x64.Build.0 = Debug|Any CPU
		{BFD79362-ECFE-432F-ACF3-08CED5D1B9EA}.Debug|x86.ActiveCfg = Debug|Any CPU
		{BFD79362-ECFE-432F-ACF3-08CED5D1B9EA}.Debug|x86.Build.0 = Debug|Any CPU
		{BFD79362-ECFE-432F-ACF3-08CED5D1B9EA}.Release|Any CPU.ActiveCfg = Release|Any CPU
		{BFD79362-ECFE-432F-ACF3-08CED5D1B9EA}.Release|Any CPU.Build.0 = Release|Any CPU
		{BFD79362-ECFE-432F-ACF3-08CED5D1B9EA}.Release|x64.ActiveCfg = Release|Any CPU
		{BFD79362-ECFE-432F-ACF3-08CED5D1B9EA}.Release|x64.Build.0 = Release|Any CPU
		{BFD79362-ECFE-432F-ACF3-08CED5D1B9EA}.Release|x86.ActiveCfg = Release|Any CPU
		{BFD79362-ECFE-432F-ACF3-08CED5D1B9EA}.Release|x86.Build.0 = Release|Any CPU
		{FB1C8EA1-8AFE-466E-9A25-C9CA43991C7C}.Debug|Any CPU.ActiveCfg = Debug|Any CPU
		{FB1C8EA1-8AFE-466E-9A25-C9CA43991C7C}.Debug|Any CPU.Build.0 = Debug|Any CPU
		{FB1C8EA1-8AFE-466E-9A25-C9CA43991C7C}.Debug|x64.ActiveCfg = Debug|Any CPU
		{FB1C8EA1-8AFE-466E-9A25-C9CA43991C7C}.Debug|x64.Build.0 = Debug|Any CPU
		{FB1C8EA1-8AFE-466E-9A25-C9CA43991C7C}.Debug|x86.ActiveCfg = Debug|Any CPU
		{FB1C8EA1-8AFE-466E-9A25-C9CA43991C7C}.Debug|x86.Build.0 = Debug|Any CPU
		{FB1C8EA1-8AFE-466E-9A25-C9CA43991C7C}.Release|Any CPU.ActiveCfg = Release|Any CPU
		{FB1C8EA1-8AFE-466E-9A25-C9CA43991C7C}.Release|Any CPU.Build.0 = Release|Any CPU
		{FB1C8EA1-8AFE-466E-9A25-C9CA43991C7C}.Release|x64.ActiveCfg = Release|Any CPU
		{FB1C8EA1-8AFE-466E-9A25-C9CA43991C7C}.Release|x64.Build.0 = Release|Any CPU
		{FB1C8EA1-8AFE-466E-9A25-C9CA43991C7C}.Release|x86.ActiveCfg = Release|Any CPU
		{FB1C8EA1-8AFE-466E-9A25-C9CA43991C7C}.Release|x86.Build.0 = Release|Any CPU
		{AA91AE9C-24A4-4BC7-B51A-C3332D3E3AE9}.Debug|Any CPU.ActiveCfg = Debug|Any CPU
		{AA91AE9C-24A4-4BC7-B51A-C3332D3E3AE9}.Debug|Any CPU.Build.0 = Debug|Any CPU
		{AA91AE9C-24A4-4BC7-B51A-C3332D3E3AE9}.Debug|x64.ActiveCfg = Debug|Any CPU
		{AA91AE9C-24A4-4BC7-B51A-C3332D3E3AE9}.Debug|x64.Build.0 = Debug|Any CPU
		{AA91AE9C-24A4-4BC7-B51A-C3332D3E3AE9}.Debug|x86.ActiveCfg = Debug|Any CPU
		{AA91AE9C-24A4-4BC7-B51A-C3332D3E3AE9}.Debug|x86.Build.0 = Debug|Any CPU
		{AA91AE9C-24A4-4BC7-B51A-C3332D3E3AE9}.Release|Any CPU.ActiveCfg = Release|Any CPU
		{AA91AE9C-24A4-4BC7-B51A-C3332D3E3AE9}.Release|Any CPU.Build.0 = Release|Any CPU
		{AA91AE9C-24A4-4BC7-B51A-C3332D3E3AE9}.Release|x64.ActiveCfg = Release|Any CPU
		{AA91AE9C-24A4-4BC7-B51A-C3332D3E3AE9}.Release|x64.Build.0 = Release|Any CPU
		{AA91AE9C-24A4-4BC7-B51A-C3332D3E3AE9}.Release|x86.ActiveCfg = Release|Any CPU
		{AA91AE9C-24A4-4BC7-B51A-C3332D3E3AE9}.Release|x86.Build.0 = Release|Any CPU
		{295EB55B-2ED9-4B2A-AB68-74A9C62E3101}.Debug|Any CPU.ActiveCfg = Debug|Any CPU
		{295EB55B-2ED9-4B2A-AB68-74A9C62E3101}.Debug|Any CPU.Build.0 = Debug|Any CPU
		{295EB55B-2ED9-4B2A-AB68-74A9C62E3101}.Debug|x64.ActiveCfg = Debug|Any CPU
		{295EB55B-2ED9-4B2A-AB68-74A9C62E3101}.Debug|x64.Build.0 = Debug|Any CPU
		{295EB55B-2ED9-4B2A-AB68-74A9C62E3101}.Debug|x86.ActiveCfg = Debug|Any CPU
		{295EB55B-2ED9-4B2A-AB68-74A9C62E3101}.Debug|x86.Build.0 = Debug|Any CPU
		{295EB55B-2ED9-4B2A-AB68-74A9C62E3101}.Release|Any CPU.ActiveCfg = Release|Any CPU
		{295EB55B-2ED9-4B2A-AB68-74A9C62E3101}.Release|Any CPU.Build.0 = Release|Any CPU
		{295EB55B-2ED9-4B2A-AB68-74A9C62E3101}.Release|x64.ActiveCfg = Release|Any CPU
		{295EB55B-2ED9-4B2A-AB68-74A9C62E3101}.Release|x64.Build.0 = Release|Any CPU
		{295EB55B-2ED9-4B2A-AB68-74A9C62E3101}.Release|x86.ActiveCfg = Release|Any CPU
		{295EB55B-2ED9-4B2A-AB68-74A9C62E3101}.Release|x86.Build.0 = Release|Any CPU
		{CE728E16-B940-44E2-9590-63474944DF62}.Debug|Any CPU.ActiveCfg = Debug|Any CPU
		{CE728E16-B940-44E2-9590-63474944DF62}.Debug|Any CPU.Build.0 = Debug|Any CPU
		{CE728E16-B940-44E2-9590-63474944DF62}.Debug|x64.ActiveCfg = Debug|Any CPU
		{CE728E16-B940-44E2-9590-63474944DF62}.Debug|x64.Build.0 = Debug|Any CPU
		{CE728E16-B940-44E2-9590-63474944DF62}.Debug|x86.ActiveCfg = Debug|Any CPU
		{CE728E16-B940-44E2-9590-63474944DF62}.Debug|x86.Build.0 = Debug|Any CPU
		{CE728E16-B940-44E2-9590-63474944DF62}.Release|Any CPU.ActiveCfg = Release|Any CPU
		{CE728E16-B940-44E2-9590-63474944DF62}.Release|Any CPU.Build.0 = Release|Any CPU
		{CE728E16-B940-44E2-9590-63474944DF62}.Release|x64.ActiveCfg = Release|Any CPU
		{CE728E16-B940-44E2-9590-63474944DF62}.Release|x64.Build.0 = Release|Any CPU
		{CE728E16-B940-44E2-9590-63474944DF62}.Release|x86.ActiveCfg = Release|Any CPU
		{CE728E16-B940-44E2-9590-63474944DF62}.Release|x86.Build.0 = Release|Any CPU
	EndGlobalSection
	GlobalSection(SolutionProperties) = preSolution
		HideSolutionNode = FALSE
	EndGlobalSection
EndGlobal
